
Microsoft Visual Studio Solution File, Format Version 12.00
# Visual Studio 15
VisualStudioVersion = 15.0.27004.2009
MinimumVisualStudioVersion = 10.0.40219.1
Project("{FAE04EC0-301F-11D3-BF4B-00C04F79EFBC}") = "YavorValchevWebAPI", "YavorValchevWebAPI\YavorValchevWebAPI.csproj", "{260DC04C-A957-41D9-B35D-C11CA01A8A2C}"
EndProject
Project("{FAE04EC0-301F-11D3-BF4B-00C04F79EFBC}") = "YavorValchevWebAPITests", "YavorValchevWebAPITests\YavorValchevWebAPITests.csproj", "{2F29BDD7-36B7-4A55-B75B-98E15C5DD025}"
EndProject
Global
	GlobalSection(SolutionConfigurationPlatforms) = preSolution
		Debug|Any CPU = Debug|Any CPU
		Release|Any CPU = Release|Any CPU
	EndGlobalSection
	GlobalSection(ProjectConfigurationPlatforms) = postSolution
		{260DC04C-A957-41D9-B35D-C11CA01A8A2C}.Debug|Any CPU.ActiveCfg = Debug|Any CPU
		{260DC04C-A957-41D9-B35D-C11CA01A8A2C}.Debug|Any CPU.Build.0 = Debug|Any CPU
		{260DC04C-A957-41D9-B35D-C11CA01A8A2C}.Release|Any CPU.ActiveCfg = Release|Any CPU
		{260DC04C-A957-41D9-B35D-C11CA01A8A2C}.Release|Any CPU.Build.0 = Release|Any CPU
		{2F29BDD7-36B7-4A55-B75B-98E15C5DD025}.Debug|Any CPU.ActiveCfg = Debug|Any CPU
		{2F29BDD7-36B7-4A55-B75B-98E15C5DD025}.Debug|Any CPU.Build.0 = Debug|Any CPU
		{2F29BDD7-36B7-4A55-B75B-98E15C5DD025}.Release|Any CPU.ActiveCfg = Release|Any CPU
		{2F29BDD7-36B7-4A55-B75B-98E15C5DD025}.Release|Any CPU.Build.0 = Release|Any CPU
	EndGlobalSection
	GlobalSection(SolutionProperties) = preSolution
		HideSolutionNode = FALSE
	EndGlobalSection
	GlobalSection(ExtensibilityGlobals) = postSolution
		SolutionGuid = {FC8EE2B3-5545-4DDC-B02C-83D0BB10ED87}
	EndGlobalSection
EndGlobal
